
Microsoft Visual Studio Solution File, Format Version 12.00
# Visual Studio Version 17
VisualStudioVersion = 17.0.31903.59
MinimumVisualStudioVersion = 10.0.40219.1
Project("{2150E333-8FDC-42A3-9474-1A3956D46DE8}") = "SharedKernel", "SharedKernel", "{E5E3DED4-833C-8448-2882-5E2DD65C4ABF}"
EndProject
Project("{FAE04EC0-301F-11D3-BF4B-00C04F79EFBC}") = "SharedKernel.Domain", "SharedKernel\SharedKernel.Domain\SharedKernel.Domain.csproj", "{FC748B23-D4CD-4B35-AA07-F9191470BAD3}"
EndProject
Project("{FAE04EC0-301F-11D3-BF4B-00C04F79EFBC}") = "SharedKernel.Infrastructure", "SharedKernel\SharedKernel.Infrastructure\SharedKernel.Infrastructure.csproj", "{B6ACB0F0-4641-4D3E-93AD-6FDCF71F980B}"
EndProject
Project("{2150E333-8FDC-42A3-9474-1A3956D46DE8}") = "ExtractHUContext", "ExtractHUContext", "{E0E59A29-8E2E-F764-AB81-2B9071BDAA00}"
EndProject
Project("{2150E333-8FDC-42A3-9474-1A3956D46DE8}") = "Write-Side", "Write-Side", "{D256D73E-95B4-DCDA-742E-4614F7B5518A}"
EndProject
Project("{2150E333-8FDC-42A3-9474-1A3956D46DE8}") = "Src", "Src", "{DB380E80-5C07-00EE-F545-2A3ECFCB2AB0}"
EndProject
Project("{FAE04EC0-301F-11D3-BF4B-00C04F79EFBC}") = "ExtractHUContext.WriteSide.Domain", "ExtractHUContext\Write-Side\Src\ExtractHUContext.WriteSide.Domain\ExtractHUContext.WriteSide.Domain.csproj", "{9D755BCA-8FA8-458B-A86A-706DA057D5C5}"
EndProject
Project("{FAE04EC0-301F-11D3-BF4B-00C04F79EFBC}") = "ExtractHUContext.WriteSide.Infrastructure", "ExtractHUContext\Write-Side\Src\ExtractHUContext.WriteSide.Infrastructure\ExtractHUContext.WriteSide.Infrastructure.csproj", "{AC06F95C-D119-4174-BF0E-D99A4A86BADB}"
EndProject
Project("{2150E333-8FDC-42A3-9474-1A3956D46DE8}") = "Read-Side", "Read-Side", "{26AC8FEF-26EE-9E99-EB62-07FF7AF8D00C}"
EndProject
Project("{2150E333-8FDC-42A3-9474-1A3956D46DE8}") = "Src", "Src", "{AA6318C1-A820-564A-B38F-82BAA89F07B0}"
EndProject
Project("{FAE04EC0-301F-11D3-BF4B-00C04F79EFBC}") = "ExtractHUContext.ReadSide.Domain", "ExtractHUContext\Read-Side\Src\ExtractHUContext.ReadSide.Domain\ExtractHUContext.ReadSide.Domain.csproj", "{5EAAAF10-00C8-4F9C-BFD6-06380E2EF46F}"
EndProject
Project("{FAE04EC0-301F-11D3-BF4B-00C04F79EFBC}") = "ExtractHUContext.ReadSide.Infrastructure", "ExtractHUContext\Read-Side\Src\ExtractHUContext.ReadSide.Infrastructure\ExtractHUContext.ReadSide.Infrastructure.csproj", "{5BE51AFB-3DA7-4B40-899E-FA2F94B645C0}"
EndProject
Project("{2150E333-8FDC-42A3-9474-1A3956D46DE8}") = "Tests", "Tests", "{FF00D769-08E7-A851-DD77-2DB1597EED18}"
EndProject
Project("{FAE04EC0-301F-11D3-BF4B-00C04F79EFBC}") = "ExtractHUContext.WriteSide.Domain.Tests", "ExtractHUContext\Write-Side\Tests\ExtractHUContext.WriteSide.Domain.Tests\ExtractHUContext.WriteSide.Domain.Tests.csproj", "{0F613D34-3A05-4C47-96D7-A13FBF8113C1}"
EndProject
Project("{FAE04EC0-301F-11D3-BF4B-00C04F79EFBC}") = "ExtractHUContext.WriteSide.Infrastructure.Tests", "ExtractHUContext\Write-Side\Tests\ExtractHUContext.WriteSide.Infrastructure.Tests\ExtractHUContext.WriteSide.Infrastructure.Tests.csproj", "{25E197E4-68BF-44C0-AAB5-3F7F62039D48}"
EndProject
Project("{2150E333-8FDC-42A3-9474-1A3956D46DE8}") = "Tests", "Tests", "{3FA29B9D-EB89-86AB-962A-1981EB605959}"
EndProject
Project("{FAE04EC0-301F-11D3-BF4B-00C04F79EFBC}") = "ExtractHUContext.ReadSide.Domain.Tests", "ExtractHUContext\Read-Side\Tests\ExtractHUContext.ReadSide.Domain.Tests\ExtractHUContext.ReadSide.Domain.Tests.csproj", "{E766580B-5063-452D-9159-B7DE5EE7A50F}"
EndProject
Project("{FAE04EC0-301F-11D3-BF4B-00C04F79EFBC}") = "ExtractHUContext.ReadSide.Infrastructure.Tests", "ExtractHUContext\Read-Side\Tests\ExtractHUContext.ReadSide.Infrastructure.Tests\ExtractHUContext.ReadSide.Infrastructure.Tests.csproj", "{3F4CAF99-9ACD-47BC-AEE9-33CEB2A9FE0A}"
EndProject
Project("{FAE04EC0-301F-11D3-BF4B-00C04F79EFBC}") = "QuantumHUClassification.Api", "QuantumHUClassification.Api\QuantumHUClassification.Api.csproj", "{80F2789F-C3B0-4DD1-95D7-56E053C19339}"
EndProject
Project("{FAE04EC0-301F-11D3-BF4B-00C04F79EFBC}") = "QuantumHUClassification.AppHost", "QuantumHUClassification.AppHost\QuantumHUClassification.AppHost.csproj", "{6E34FA7C-3355-402D-9880-B5A91715BF80}"
EndProject
Global
	GlobalSection(SolutionConfigurationPlatforms) = preSolution
		Debug|Any CPU = Debug|Any CPU
		Debug|x64 = Debug|x64
		Debug|x86 = Debug|x86
		Release|Any CPU = Release|Any CPU
		Release|x64 = Release|x64
		Release|x86 = Release|x86
	EndGlobalSection
	GlobalSection(ProjectConfigurationPlatforms) = postSolution
		{FC748B23-D4CD-4B35-AA07-F9191470BAD3}.Debug|Any CPU.ActiveCfg = Debug|Any CPU
		{FC748B23-D4CD-4B35-AA07-F9191470BAD3}.Debug|Any CPU.Build.0 = Debug|Any CPU
		{FC748B23-D4CD-4B35-AA07-F9191470BAD3}.Debug|x64.ActiveCfg = Debug|Any CPU
		{FC748B23-D4CD-4B35-AA07-F9191470BAD3}.Debug|x64.Build.0 = Debug|Any CPU
		{FC748B23-D4CD-4B35-AA07-F9191470BAD3}.Debug|x86.ActiveCfg = Debug|Any CPU
		{FC748B23-D4CD-4B35-AA07-F9191470BAD3}.Debug|x86.Build.0 = Debug|Any CPU
		{FC748B23-D4CD-4B35-AA07-F9191470BAD3}.Release|Any CPU.ActiveCfg = Release|Any CPU
		{FC748B23-D4CD-4B35-AA07-F9191470BAD3}.Release|Any CPU.Build.0 = Release|Any CPU
		{FC748B23-D4CD-4B35-AA07-F9191470BAD3}.Release|x64.ActiveCfg = Release|Any CPU
		{FC748B23-D4CD-4B35-AA07-F9191470BAD3}.Release|x64.Build.0 = Release|Any CPU
		{FC748B23-D4CD-4B35-AA07-F9191470BAD3}.Release|x86.ActiveCfg = Release|Any CPU
		{FC748B23-D4CD-4B35-AA07-F9191470BAD3}.Release|x86.Build.0 = Release|Any CPU
		{B6ACB0F0-4641-4D3E-93AD-6FDCF71F980B}.Debug|Any CPU.ActiveCfg = Debug|Any CPU
		{B6ACB0F0-4641-4D3E-93AD-6FDCF71F980B}.Debug|Any CPU.Build.0 = Debug|Any CPU
		{B6ACB0F0-4641-4D3E-93AD-6FDCF71F980B}.Debug|x64.ActiveCfg = Debug|Any CPU
		{B6ACB0F0-4641-4D3E-93AD-6FDCF71F980B}.Debug|x64.Build.0 = Debug|Any CPU
		{B6ACB0F0-4641-4D3E-93AD-6FDCF71F980B}.Debug|x86.ActiveCfg = Debug|Any CPU
		{B6ACB0F0-4641-4D3E-93AD-6FDCF71F980B}.Debug|x86.Build.0 = Debug|Any CPU
		{B6ACB0F0-4641-4D3E-93AD-6FDCF71F980B}.Release|Any CPU.ActiveCfg = Release|Any CPU
		{B6ACB0F0-4641-4D3E-93AD-6FDCF71F980B}.Release|Any CPU.Build.0 = Release|Any CPU
		{B6ACB0F0-4641-4D3E-93AD-6FDCF71F980B}.Release|x64.ActiveCfg = Release|Any CPU
		{B6ACB0F0-4641-4D3E-93AD-6FDCF71F980B}.Release|x64.Build.0 = Release|Any CPU
		{B6ACB0F0-4641-4D3E-93AD-6FDCF71F980B}.Release|x86.ActiveCfg = Release|Any CPU
		{B6ACB0F0-4641-4D3E-93AD-6FDCF71F980B}.Release|x86.Build.0 = Release|Any CPU
		{9D755BCA-8FA8-458B-A86A-706DA057D5C5}.Debug|Any CPU.ActiveCfg = Debug|Any CPU
		{9D755BCA-8FA8-458B-A86A-706DA057D5C5}.Debug|Any CPU.Build.0 = Debug|Any CPU
		{9D755BCA-8FA8-458B-A86A-706DA057D5C5}.Debug|x64.ActiveCfg = Debug|Any CPU
		{9D755BCA-8FA8-458B-A86A-706DA057D5C5}.Debug|x64.Build.0 = Debug|Any CPU
		{9D755BCA-8FA8-458B-A86A-706DA057D5C5}.Debug|x86.ActiveCfg = Debug|Any CPU
		{9D755BCA-8FA8-458B-A86A-706DA057D5C5}.Debug|x86.Build.0 = Debug|Any CPU
		{9D755BCA-8FA8-458B-A86A-706DA057D5C5}.Release|Any CPU.ActiveCfg = Release|Any CPU
		{9D755BCA-8FA8-458B-A86A-706DA057D5C5}.Release|Any CPU.Build.0 = Release|Any CPU
		{9D755BCA-8FA8-458B-A86A-706DA057D5C5}.Release|x64.ActiveCfg = Release|Any CPU
		{9D755BCA-8FA8-458B-A86A-706DA057D5C5}.Release|x64.Build.0 = Release|Any CPU
		{9D755BCA-8FA8-458B-A86A-706DA057D5C5}.Release|x86.ActiveCfg = Release|Any CPU
		{9D755BCA-8FA8-458B-A86A-706DA057D5C5}.Release|x86.Build.0 = Release|Any CPU
		{AC06F95C-D119-4174-BF0E-D99A4A86BADB}.Debug|Any CPU.ActiveCfg = Debug|Any CPU
		{AC06F95C-D119-4174-BF0E-D99A4A86BADB}.Debug|Any CPU.Build.0 = Debug|Any CPU
		{AC06F95C-D119-4174-BF0E-D99A4A86BADB}.Debug|x64.ActiveCfg = Debug|Any CPU
		{AC06F95C-D119-4174-BF0E-D99A4A86BADB}.Debug|x64.Build.0 = Debug|Any CPU
		{AC06F95C-D119-4174-BF0E-D99A4A86BADB}.Debug|x86.ActiveCfg = Debug|Any CPU
		{AC06F95C-D119-4174-BF0E-D99A4A86BADB}.Debug|x86.Build.0 = Debug|Any CPU
		{AC06F95C-D119-4174-BF0E-D99A4A86BADB}.Release|Any CPU.ActiveCfg = Release|Any CPU
		{AC06F95C-D119-4174-BF0E-D99A4A86BADB}.Release|Any CPU.Build.0 = Release|Any CPU
		{AC06F95C-D119-4174-BF0E-D99A4A86BADB}.Release|x64.ActiveCfg = Release|Any CPU
		{AC06F95C-D119-4174-BF0E-D99A4A86BADB}.Release|x64.Build.0 = Release|Any CPU
		{AC06F95C-D119-4174-BF0E-D99A4A86BADB}.Release|x86.ActiveCfg = Release|Any CPU
		{AC06F95C-D119-4174-BF0E-D99A4A86BADB}.Release|x86.Build.0 = Release|Any CPU
		{5EAAAF10-00C8-4F9C-BFD6-06380E2EF46F}.Debug|Any CPU.ActiveCfg = Debug|Any CPU
		{5EAAAF10-00C8-4F9C-BFD6-06380E2EF46F}.Debug|Any CPU.Build.0 = Debug|Any CPU
		{5EAAAF10-00C8-4F9C-BFD6-06380E2EF46F}.Debug|x64.ActiveCfg = Debug|Any CPU
		{5EAAAF10-00C8-4F9C-BFD6-06380E2EF46F}.Debug|x64.Build.0 = Debug|Any CPU
		{5EAAAF10-00C8-4F9C-BFD6-06380E2EF46F}.Debug|x86.ActiveCfg = Debug|Any CPU
		{5EAAAF10-00C8-4F9C-BFD6-06380E2EF46F}.Debug|x86.Build.0 = Debug|Any CPU
		{5EAAAF10-00C8-4F9C-BFD6-06380E2EF46F}.Release|Any CPU.ActiveCfg = Release|Any CPU
		{5EAAAF10-00C8-4F9C-BFD6-06380E2EF46F}.Release|Any CPU.Build.0 = Release|Any CPU
		{5EAAAF10-00C8-4F9C-BFD6-06380E2EF46F}.Release|x64.ActiveCfg = Release|Any CPU
		{5EAAAF10-00C8-4F9C-BFD6-06380E2EF46F}.Release|x64.Build.0 = Release|Any CPU
		{5EAAAF10-00C8-4F9C-BFD6-06380E2EF46F}.Release|x86.ActiveCfg = Release|Any CPU
		{5EAAAF10-00C8-4F9C-BFD6-06380E2EF46F}.Release|x86.Build.0 = Release|Any CPU
		{5BE51AFB-3DA7-4B40-899E-FA2F94B645C0}.Debug|Any CPU.ActiveCfg = Debug|Any CPU
		{5BE51AFB-3DA7-4B40-899E-FA2F94B645C0}.Debug|Any CPU.Build.0 = Debug|Any CPU
		{5BE51AFB-3DA7-4B40-899E-FA2F94B645C0}.Debug|x64.ActiveCfg = Debug|Any CPU
		{5BE51AFB-3DA7-4B40-899E-FA2F94B645C0}.Debug|x64.Build.0 = Debug|Any CPU
		{5BE51AFB-3DA7-4B40-899E-FA2F94B645C0}.Debug|x86.ActiveCfg = Debug|Any CPU
		{5BE51AFB-3DA7-4B40-899E-FA2F94B645C0}.Debug|x86.Build.0 = Debug|Any CPU
		{5BE51AFB-3DA7-4B40-899E-FA2F94B645C0}.Release|Any CPU.ActiveCfg = Release|Any CPU
		{5BE51AFB-3DA7-4B40-899E-FA2F94B645C0}.Release|Any CPU.Build.0 = Release|Any CPU
		{5BE51AFB-3DA7-4B40-899E-FA2F94B645C0}.Release|x64.ActiveCfg = Release|Any CPU
		{5BE51AFB-3DA7-4B40-899E-FA2F94B645C0}.Release|x64.Build.0 = Release|Any CPU
		{5BE51AFB-3DA7-4B40-899E-FA2F94B645C0}.Release|x86.ActiveCfg = Release|Any CPU
		{5BE51AFB-3DA7-4B40-899E-FA2F94B645C0}.Release|x86.Build.0 = Release|Any CPU
		{0F613D34-3A05-4C47-96D7-A13FBF8113C1}.Debug|Any CPU.ActiveCfg = Debug|Any CPU
		{0F613D34-3A05-4C47-96D7-A13FBF8113C1}.Debug|Any CPU.Build.0 = Debug|Any CPU
		{0F613D34-3A05-4C47-96D7-A13FBF8113C1}.Debug|x64.ActiveCfg = Debug|Any CPU
		{0F613D34-3A05-4C47-96D7-A13FBF8113C1}.Debug|x64.Build.0 = Debug|Any CPU
		{0F613D34-3A05-4C47-96D7-A13FBF8113C1}.Debug|x86.ActiveCfg = Debug|Any CPU
		{0F613D34-3A05-4C47-96D7-A13FBF8113C1}.Debug|x86.Build.0 = Debug|Any CPU
		{0F613D34-3A05-4C47-96D7-A13FBF8113C1}.Release|Any CPU.ActiveCfg = Release|Any CPU
		{0F613D34-3A05-4C47-96D7-A13FBF8113C1}.Release|Any CPU.Build.0 = Release|Any CPU
		{0F613D34-3A05-4C47-96D7-A13FBF8113C1}.Release|x64.ActiveCfg = Release|Any CPU
		{0F613D34-3A05-4C47-96D7-A13FBF8113C1}.Release|x64.Build.0 = Release|Any CPU
		{0F613D34-3A05-4C47-96D7-A13FBF8113C1}.Release|x86.ActiveCfg = Release|Any CPU
		{0F613D34-3A05-4C47-96D7-A13FBF8113C1}.Release|x86.Build.0 = Release|Any CPU
		{25E197E4-68BF-44C0-AAB5-3F7F62039D48}.Debug|Any CPU.ActiveCfg = Debug|Any CPU
		{25E197E4-68BF-44C0-AAB5-3F7F62039D48}.Debug|Any CPU.Build.0 = Debug|Any CPU
		{25E197E4-68BF-44C0-AAB5-3F7F62039D48}.Debug|x64.ActiveCfg = Debug|Any CPU
		{25E197E4-68BF-44C0-AAB5-3F7F62039D48}.Debug|x64.Build.0 = Debug|Any CPU
		{25E197E4-68BF-44C0-AAB5-3F7F62039D48}.Debug|x86.ActiveCfg = Debug|Any CPU
		{25E197E4-68BF-44C0-AAB5-3F7F62039D48}.Debug|x86.Build.0 = Debug|Any CPU
		{25E197E4-68BF-44C0-AAB5-3F7F62039D48}.Release|Any CPU.ActiveCfg = Release|Any CPU
		{25E197E4-68BF-44C0-AAB5-3F7F62039D48}.Release|Any CPU.Build.0 = Release|Any CPU
		{25E197E4-68BF-44C0-AAB5-3F7F62039D48}.Release|x64.ActiveCfg = Release|Any CPU
		{25E197E4-68BF-44C0-AAB5-3F7F62039D48}.Release|x64.Build.0 = Release|Any CPU
		{25E197E4-68BF-44C0-AAB5-3F7F62039D48}.Release|x86.ActiveCfg = Release|Any CPU
		{25E197E4-68BF-44C0-AAB5-3F7F62039D48}.Release|x86.Build.0 = Release|Any CPU
		{E766580B-5063-452D-9159-B7DE5EE7A50F}.Debug|Any CPU.ActiveCfg = Debug|Any CPU
		{E766580B-5063-452D-9159-B7DE5EE7A50F}.Debug|Any CPU.Build.0 = Debug|Any CPU
		{E766580B-5063-452D-9159-B7DE5EE7A50F}.Debug|x64.ActiveCfg = Debug|Any CPU
		{E766580B-5063-452D-9159-B7DE5EE7A50F}.Debug|x64.Build.0 = Debug|Any CPU
		{E766580B-5063-452D-9159-B7DE5EE7A50F}.Debug|x86.ActiveCfg = Debug|Any CPU
		{E766580B-5063-452D-9159-B7DE5EE7A50F}.Debug|x86.Build.0 = Debug|Any CPU
		{E766580B-5063-452D-9159-B7DE5EE7A50F}.Release|Any CPU.ActiveCfg = Release|Any CPU
		{E766580B-5063-452D-9159-B7DE5EE7A50F}.Release|Any CPU.Build.0 = Release|Any CPU
		{E766580B-5063-452D-9159-B7DE5EE7A50F}.Release|x64.ActiveCfg = Release|Any CPU
		{E766580B-5063-452D-9159-B7DE5EE7A50F}.Release|x64.Build.0 = Release|Any CPU
		{E766580B-5063-452D-9159-B7DE5EE7A50F}.Release|x86.ActiveCfg = Release|Any CPU
		{E766580B-5063-452D-9159-B7DE5EE7A50F}.Release|x86.Build.0 = Release|Any CPU
		{3F4CAF99-9ACD-47BC-AEE9-33CEB2A9FE0A}.Debug|Any CPU.ActiveCfg = Debug|Any CPU
		{3F4CAF99-9ACD-47BC-AEE9-33CEB2A9FE0A}.Debug|Any CPU.Build.0 = Debug|Any CPU
		{3F4CAF99-9ACD-47BC-AEE9-33CEB2A9FE0A}.Debug|x64.ActiveCfg = Debug|Any CPU
		{3F4CAF99-9ACD-47BC-AEE9-33CEB2A9FE0A}.Debug|x64.Build.0 = Debug|Any CPU
		{3F4CAF99-9ACD-47BC-AEE9-33CEB2A9FE0A}.Debug|x86.ActiveCfg = Debug|Any CPU
		{3F4CAF99-9ACD-47BC-AEE9-33CEB2A9FE0A}.Debug|x86.Build.0 = Debug|Any CPU
		{3F4CAF99-9ACD-47BC-AEE9-33CEB2A9FE0A}.Release|Any CPU.ActiveCfg = Release|Any CPU
		{3F4CAF99-9ACD-47BC-AEE9-33CEB2A9FE0A}.Release|Any CPU.Build.0 = Release|Any CPU
		{3F4CAF99-9ACD-47BC-AEE9-33CEB2A9FE0A}.Release|x64.ActiveCfg = Release|Any CPU
		{3F4CAF99-9ACD-47BC-AEE9-33CEB2A9FE0A}.Release|x64.Build.0 = Release|Any CPU
		{3F4CAF99-9ACD-47BC-AEE9-33CEB2A9FE0A}.Release|x86.ActiveCfg = Release|Any CPU
		{3F4CAF99-9ACD-47BC-AEE9-33CEB2A9FE0A}.Release|x86.Build.0 = Release|Any CPU
		{80F2789F-C3B0-4DD1-95D7-56E053C19339}.Debug|Any CPU.ActiveCfg = Debug|Any CPU
		{80F2789F-C3B0-4DD1-95D7-56E053C19339}.Debug|Any CPU.Build.0 = Debug|Any CPU
		{80F2789F-C3B0-4DD1-95D7-56E053C19339}.Debug|x64.ActiveCfg = Debug|Any CPU
		{80F2789F-C3B0-4DD1-95D7-56E053C19339}.Debug|x64.Build.0 = Debug|Any CPU
		{80F2789F-C3B0-4DD1-95D7-56E053C19339}.Debug|x86.ActiveCfg = Debug|Any CPU
		{80F2789F-C3B0-4DD1-95D7-56E053C19339}.Debug|x86.Build.0 = Debug|Any CPU
		{80F2789F-C3B0-4DD1-95D7-56E053C19339}.Release|Any CPU.ActiveCfg = Release|Any CPU
		{80F2789F-C3B0-4DD1-95D7-56E053C19339}.Release|Any CPU.Build.0 = Release|Any CPU
		{80F2789F-C3B0-4DD1-95D7-56E053C19339}.Release|x64.ActiveCfg = Release|Any CPU
		{80F2789F-C3B0-4DD1-95D7-56E053C19339}.Release|x64.Build.0 = Release|Any CPU
		{80F2789F-C3B0-4DD1-95D7-56E053C19339}.Release|x86.ActiveCfg = Release|Any CPU
		{80F2789F-C3B0-4DD1-95D7-56E053C19339}.Release|x86.Build.0 = Release|Any CPU
		{6E34FA7C-3355-402D-9880-B5A91715BF80}.Debug|Any CPU.ActiveCfg = Debug|Any CPU
		{6E34FA7C-3355-402D-9880-B5A91715BF80}.Debug|Any CPU.Build.0 = Debug|Any CPU
		{6E34FA7C-3355-402D-9880-B5A91715BF80}.Debug|x64.ActiveCfg = Debug|Any CPU
		{6E34FA7C-3355-402D-9880-B5A91715BF80}.Debug|x64.Build.0 = Debug|Any CPU
		{6E34FA7C-3355-402D-9880-B5A91715BF80}.Debug|x86.ActiveCfg = Debug|Any CPU
		{6E34FA7C-3355-402D-9880-B5A91715BF80}.Debug|x86.Build.0 = Debug|Any CPU
		{6E34FA7C-3355-402D-9880-B5A91715BF80}.Release|Any CPU.ActiveCfg = Release|Any CPU
		{6E34FA7C-3355-402D-9880-B5A91715BF80}.Release|Any CPU.Build.0 = Release|Any CPU
		{6E34FA7C-3355-402D-9880-B5A91715BF80}.Release|x64.ActiveCfg = Release|Any CPU
		{6E34FA7C-3355-402D-9880-B5A91715BF80}.Release|x64.Build.0 = Release|Any CPU
		{6E34FA7C-3355-402D-9880-B5A91715BF80}.Release|x86.ActiveCfg = Release|Any CPU
		{6E34FA7C-3355-402D-9880-B5A91715BF80}.Release|x86.Build.0 = Release|Any CPU
	EndGlobalSection
	GlobalSection(SolutionProperties) = preSolution
		HideSolutionNode = FALSE
	EndGlobalSection
	GlobalSection(NestedProjects) = preSolution
		{FC748B23-D4CD-4B35-AA07-F9191470BAD3} = {E5E3DED4-833C-8448-2882-5E2DD65C4ABF}
		{B6ACB0F0-4641-4D3E-93AD-6FDCF71F980B} = {E5E3DED4-833C-8448-2882-5E2DD65C4ABF}
		{D256D73E-95B4-DCDA-742E-4614F7B5518A} = {E0E59A29-8E2E-F764-AB81-2B9071BDAA00}
		{DB380E80-5C07-00EE-F545-2A3ECFCB2AB0} = {D256D73E-95B4-DCDA-742E-4614F7B5518A}
		{9D755BCA-8FA8-458B-A86A-706DA057D5C5} = {DB380E80-5C07-00EE-F545-2A3ECFCB2AB0}
		{AC06F95C-D119-4174-BF0E-D99A4A86BADB} = {DB380E80-5C07-00EE-F545-2A3ECFCB2AB0}
		{26AC8FEF-26EE-9E99-EB62-07FF7AF8D00C} = {E0E59A29-8E2E-F764-AB81-2B9071BDAA00}
		{AA6318C1-A820-564A-B38F-82BAA89F07B0} = {26AC8FEF-26EE-9E99-EB62-07FF7AF8D00C}
		{5EAAAF10-00C8-4F9C-BFD6-06380E2EF46F} = {AA6318C1-A820-564A-B38F-82BAA89F07B0}
		{5BE51AFB-3DA7-4B40-899E-FA2F94B645C0} = {AA6318C1-A820-564A-B38F-82BAA89F07B0}
		{FF00D769-08E7-A851-DD77-2DB1597EED18} = {D256D73E-95B4-DCDA-742E-4614F7B5518A}
		{0F613D34-3A05-4C47-96D7-A13FBF8113C1} = {FF00D769-08E7-A851-DD77-2DB1597EED18}
		{25E197E4-68BF-44C0-AAB5-3F7F62039D48} = {FF00D769-08E7-A851-DD77-2DB1597EED18}
		{3FA29B9D-EB89-86AB-962A-1981EB605959} = {26AC8FEF-26EE-9E99-EB62-07FF7AF8D00C}
		{E766580B-5063-452D-9159-B7DE5EE7A50F} = {3FA29B9D-EB89-86AB-962A-1981EB605959}
		{3F4CAF99-9ACD-47BC-AEE9-33CEB2A9FE0A} = {3FA29B9D-EB89-86AB-962A-1981EB605959}
	EndGlobalSection
EndGlobal
